// !$*UTF8*$!
{
	archiveVersion = 1;
	classes = {
	};
	objectVersion = 48;
	objects = {

/* Begin PBXBuildFile section */
		4F6FB1B1A6B1F0104F78BEAE /* libPods-eJackson.a in Frameworks */ = {isa = PBXBuildFile; fileRef = 68FBF86D19B6C66119CF1D9E /* libPods-eJackson.a */; };
		F20AECFF1FC328B6000AAA65 /* AppDelegate.m in Sources */ = {isa = PBXBuildFile; fileRef = F20AECFE1FC328B6000AAA65 /* AppDelegate.m */; };
		F20AED051FC328B6000AAA65 /* Main.storyboard in Resources */ = {isa = PBXBuildFile; fileRef = F20AED031FC328B6000AAA65 /* Main.storyboard */; };
		F20AED071FC328B6000AAA65 /* Assets.xcassets in Resources */ = {isa = PBXBuildFile; fileRef = F20AED061FC328B6000AAA65 /* Assets.xcassets */; };
		F20AED0A1FC328B6000AAA65 /* LaunchScreen.storyboard in Resources */ = {isa = PBXBuildFile; fileRef = F20AED081FC328B6000AAA65 /* LaunchScreen.storyboard */; };
		F20AED0D1FC328B6000AAA65 /* main.m in Sources */ = {isa = PBXBuildFile; fileRef = F20AED0C1FC328B6000AAA65 /* main.m */; };
		F20AED191FC32AE9000AAA65 /* Start.m in Sources */ = {isa = PBXBuildFile; fileRef = F20AED181FC32AE9000AAA65 /* Start.m */; };
		F20AED1C1FC32DBB000AAA65 /* ListJacksonVC.m in Sources */ = {isa = PBXBuildFile; fileRef = F20AED1B1FC32DBB000AAA65 /* ListJacksonVC.m */; };
		F20AED201FC346E1000AAA65 /* WebServices.m in Sources */ = {isa = PBXBuildFile; fileRef = F20AED1F1FC346E1000AAA65 /* WebServices.m */; };
		F20AED251FC34914000AAA65 /* ArtistModel.m in Sources */ = {isa = PBXBuildFile; fileRef = F20AED241FC34914000AAA65 /* ArtistModel.m */; };
		F20AED361FC34D14000AAA65 /* CardCell.m in Sources */ = {isa = PBXBuildFile; fileRef = F20AED341FC34D14000AAA65 /* CardCell.m */; };
		F20AED371FC34D14000AAA65 /* CardCell.xib in Resources */ = {isa = PBXBuildFile; fileRef = F20AED351FC34D14000AAA65 /* CardCell.xib */; };
/* End PBXBuildFile section */

/* Begin PBXFileReference section */
		68FBF86D19B6C66119CF1D9E /* libPods-eJackson.a */ = {isa = PBXFileReference; explicitFileType = archive.ar; includeInIndex = 0; path = "libPods-eJackson.a"; sourceTree = BUILT_PRODUCTS_DIR; };
		ACDFD80BEAC971E73AAFFC6B /* Pods-eJackson.debug.xcconfig */ = {isa = PBXFileReference; includeInIndex = 1; lastKnownFileType = text.xcconfig; name = "Pods-eJackson.debug.xcconfig"; path = "Pods/Target Support Files/Pods-eJackson/Pods-eJackson.debug.xcconfig"; sourceTree = "<group>"; };
		F20AECFA1FC328B6000AAA65 /* eJackson.app */ = {isa = PBXFileReference; explicitFileType = wrapper.application; includeInIndex = 0; path = eJackson.app; sourceTree = BUILT_PRODUCTS_DIR; };
		F20AECFD1FC328B6000AAA65 /* AppDelegate.h */ = {isa = PBXFileReference; lastKnownFileType = sourcecode.c.h; path = AppDelegate.h; sourceTree = "<group>"; };
		F20AECFE1FC328B6000AAA65 /* AppDelegate.m */ = {isa = PBXFileReference; lastKnownFileType = sourcecode.c.objc; path = AppDelegate.m; sourceTree = "<group>"; };
		F20AED041FC328B6000AAA65 /* Base */ = {isa = PBXFileReference; lastKnownFileType = file.storyboard; name = Base; path = Base.lproj/Main.storyboard; sourceTree = "<group>"; };
		F20AED061FC328B6000AAA65 /* Assets.xcassets */ = {isa = PBXFileReference; lastKnownFileType = folder.assetcatalog; path = Assets.xcassets; sourceTree = "<group>"; };
		F20AED091FC328B6000AAA65 /* Base */ = {isa = PBXFileReference; lastKnownFileType = file.storyboard; name = Base; path = Base.lproj/LaunchScreen.storyboard; sourceTree = "<group>"; };
		F20AED0B1FC328B6000AAA65 /* Info.plist */ = {isa = PBXFileReference; lastKnownFileType = text.plist.xml; path = Info.plist; sourceTree = "<group>"; };
		F20AED0C1FC328B6000AAA65 /* main.m */ = {isa = PBXFileReference; lastKnownFileType = sourcecode.c.objc; path = main.m; sourceTree = "<group>"; };
		F20AED171FC32AE9000AAA65 /* Start.h */ = {isa = PBXFileReference; lastKnownFileType = sourcecode.c.h; path = Start.h; sourceTree = "<group>"; };
		F20AED181FC32AE9000AAA65 /* Start.m */ = {isa = PBXFileReference; lastKnownFileType = sourcecode.c.objc; path = Start.m; sourceTree = "<group>"; };
		F20AED1A1FC32DBB000AAA65 /* ListJacksonVC.h */ = {isa = PBXFileReference; lastKnownFileType = sourcecode.c.h; path = ListJacksonVC.h; sourceTree = "<group>"; };
		F20AED1B1FC32DBB000AAA65 /* ListJacksonVC.m */ = {isa = PBXFileReference; lastKnownFileType = sourcecode.c.objc; path = ListJacksonVC.m; sourceTree = "<group>"; };
		F20AED1E1FC346E1000AAA65 /* WebServices.h */ = {isa = PBXFileReference; lastKnownFileType = sourcecode.c.h; path = WebServices.h; sourceTree = "<group>"; };
		F20AED1F1FC346E1000AAA65 /* WebServices.m */ = {isa = PBXFileReference; lastKnownFileType = sourcecode.c.objc; path = WebServices.m; sourceTree = "<group>"; };
		F20AED231FC34914000AAA65 /* ArtistModel.h */ = {isa = PBXFileReference; lastKnownFileType = sourcecode.c.h; path = ArtistModel.h; sourceTree = "<group>"; };
		F20AED241FC34914000AAA65 /* ArtistModel.m */ = {isa = PBXFileReference; lastKnownFileType = sourcecode.c.objc; path = ArtistModel.m; sourceTree = "<group>"; };
		F20AED331FC34D14000AAA65 /* CardCell.h */ = {isa = PBXFileReference; fileEncoding = 4; lastKnownFileType = sourcecode.c.h; path = CardCell.h; sourceTree = "<group>"; };
		F20AED341FC34D14000AAA65 /* CardCell.m */ = {isa = PBXFileReference; fileEncoding = 4; lastKnownFileType = sourcecode.c.objc; path = CardCell.m; sourceTree = "<group>"; };
		F20AED351FC34D14000AAA65 /* CardCell.xib */ = {isa = PBXFileReference; fileEncoding = 4; lastKnownFileType = file.xib; path = CardCell.xib; sourceTree = "<group>"; };
		FBFC93F1B765D9992B9FBADC /* Pods-eJackson.release.xcconfig */ = {isa = PBXFileReference; includeInIndex = 1; lastKnownFileType = text.xcconfig; name = "Pods-eJackson.release.xcconfig"; path = "Pods/Target Support Files/Pods-eJackson/Pods-eJackson.release.xcconfig"; sourceTree = "<group>"; };
/* End PBXFileReference section */

/* Begin PBXFrameworksBuildPhase section */
		F20AECF71FC328B6000AAA65 /* Frameworks */ = {
			isa = PBXFrameworksBuildPhase;
			buildActionMask = 2147483647;
			files = (
				4F6FB1B1A6B1F0104F78BEAE /* libPods-eJackson.a in Frameworks */,
			);
			runOnlyForDeploymentPostprocessing = 0;
		};
/* End PBXFrameworksBuildPhase section */

/* Begin PBXGroup section */
		36DDD4EBCA862DEC1883865D /* Pods */ = {
			isa = PBXGroup;
			children = (
				ACDFD80BEAC971E73AAFFC6B /* Pods-eJackson.debug.xcconfig */,
				FBFC93F1B765D9992B9FBADC /* Pods-eJackson.release.xcconfig */,
			);
			name = Pods;
			sourceTree = "<group>";
		};
		F20AECF11FC328B6000AAA65 = {
			isa = PBXGroup;
			children = (
				F20AECFC1FC328B6000AAA65 /* eJackson */,
				F20AECFB1FC328B6000AAA65 /* Products */,
				36DDD4EBCA862DEC1883865D /* Pods */,
				F5D11574F1B38D9ABAA96041 /* Frameworks */,
			);
			sourceTree = "<group>";
		};
		F20AECFB1FC328B6000AAA65 /* Products */ = {
			isa = PBXGroup;
			children = (
				F20AECFA1FC328B6000AAA65 /* eJackson.app */,
			);
			name = Products;
			sourceTree = "<group>";
		};
		F20AECFC1FC328B6000AAA65 /* eJackson */ = {
			isa = PBXGroup;
			children = (
				F20AED311FC34D14000AAA65 /* Cells */,
				F20AED0B1FC328B6000AAA65 /* Info.plist */,
				F20AED141FC329BE000AAA65 /* Controllers */,
				F20AED131FC3295D000AAA65 /* Main */,
				F20AED161FC329DE000AAA65 /* Media */,
				F20AED221FC348E0000AAA65 /* Models */,
				F20AED1D1FC3312B000AAA65 /* Services */,
				F20AED151FC329CC000AAA65 /* Storyboards */,
			);
			path = eJackson;
			sourceTree = "<group>";
		};
		F20AED131FC3295D000AAA65 /* Main */ = {
			isa = PBXGroup;
			children = (
				F20AECFD1FC328B6000AAA65 /* AppDelegate.h */,
				F20AECFE1FC328B6000AAA65 /* AppDelegate.m */,
				F20AED0C1FC328B6000AAA65 /* main.m */,
			);
			path = Main;
			sourceTree = "<group>";
		};
		F20AED141FC329BE000AAA65 /* Controllers */ = {
			isa = PBXGroup;
			children = (
				F20AED171FC32AE9000AAA65 /* Start.h */,
				F20AED181FC32AE9000AAA65 /* Start.m */,
				F20AED1A1FC32DBB000AAA65 /* ListJacksonVC.h */,
				F20AED1B1FC32DBB000AAA65 /* ListJacksonVC.m */,
			);
			path = Controllers;
			sourceTree = "<group>";
		};
		F20AED151FC329CC000AAA65 /* Storyboards */ = {
			isa = PBXGroup;
			children = (
				F20AED031FC328B6000AAA65 /* Main.storyboard */,
				F20AED081FC328B6000AAA65 /* LaunchScreen.storyboard */,
			);
			path = Storyboards;
			sourceTree = "<group>";
		};
		F20AED161FC329DE000AAA65 /* Media */ = {
			isa = PBXGroup;
			children = (
				F20AED061FC328B6000AAA65 /* Assets.xcassets */,
			);
			path = Media;
			sourceTree = "<group>";
		};
		F20AED1D1FC3312B000AAA65 /* Services */ = {
			isa = PBXGroup;
			children = (
				F20AED1E1FC346E1000AAA65 /* WebServices.h */,
				F20AED1F1FC346E1000AAA65 /* WebServices.m */,
			);
			path = Services;
			sourceTree = "<group>";
		};
		F20AED221FC348E0000AAA65 /* Models */ = {
			isa = PBXGroup;
			children = (
				F20AED231FC34914000AAA65 /* ArtistModel.h */,
				F20AED241FC34914000AAA65 /* ArtistModel.m */,
			);
			path = Models;
			sourceTree = "<group>";
		};
		F20AED311FC34D14000AAA65 /* Cells */ = {
			isa = PBXGroup;
			children = (
				F20AED321FC34D14000AAA65 /* CardCell */,
			);
			path = Cells;
			sourceTree = "<group>";
		};
		F20AED321FC34D14000AAA65 /* CardCell */ = {
			isa = PBXGroup;
			children = (
				F20AED331FC34D14000AAA65 /* CardCell.h */,
				F20AED341FC34D14000AAA65 /* CardCell.m */,
				F20AED351FC34D14000AAA65 /* CardCell.xib */,
			);
			path = CardCell;
			sourceTree = "<group>";
		};
		F5D11574F1B38D9ABAA96041 /* Frameworks */ = {
			isa = PBXGroup;
			children = (
				68FBF86D19B6C66119CF1D9E /* libPods-eJackson.a */,
			);
			name = Frameworks;
			sourceTree = "<group>";
		};
/* End PBXGroup section */

/* Begin PBXNativeTarget section */
		F20AECF91FC328B6000AAA65 /* eJackson */ = {
			isa = PBXNativeTarget;
			buildConfigurationList = F20AED101FC328B6000AAA65 /* Build configuration list for PBXNativeTarget "eJackson" */;
			buildPhases = (
				DB45C92E502D4E6BE7ABF022 /* [CP] Check Pods Manifest.lock */,
				F20AECF61FC328B6000AAA65 /* Sources */,
				F20AECF71FC328B6000AAA65 /* Frameworks */,
				F20AECF81FC328B6000AAA65 /* Resources */,
				C893EEAA4D883922F01D2FCC /* [CP] Embed Pods Frameworks */,
				87CD1C0AF971007DE8495CEA /* [CP] Copy Pods Resources */,
			);
			buildRules = (
			);
			dependencies = (
			);
			name = eJackson;
			productName = eJackson;
			productReference = F20AECFA1FC328B6000AAA65 /* eJackson.app */;
			productType = "com.apple.product-type.application";
		};
/* End PBXNativeTarget section */

/* Begin PBXProject section */
		F20AECF21FC328B6000AAA65 /* Project object */ = {
			isa = PBXProject;
			attributes = {
				LastUpgradeCheck = 0910;
				ORGANIZATIONNAME = "Galileo Guzman";
				TargetAttributes = {
					F20AECF91FC328B6000AAA65 = {
						CreatedOnToolsVersion = 9.1;
						ProvisioningStyle = Automatic;
					};
				};
			};
			buildConfigurationList = F20AECF51FC328B6000AAA65 /* Build configuration list for PBXProject "eJackson" */;
			compatibilityVersion = "Xcode 8.0";
			developmentRegion = en;
			hasScannedForEncodings = 0;
			knownRegions = (
				en,
				Base,
			);
			mainGroup = F20AECF11FC328B6000AAA65;
			productRefGroup = F20AECFB1FC328B6000AAA65 /* Products */;
			projectDirPath = "";
			projectRoot = "";
			targets = (
				F20AECF91FC328B6000AAA65 /* eJackson */,
			);
		};
/* End PBXProject section */

/* Begin PBXResourcesBuildPhase section */
		F20AECF81FC328B6000AAA65 /* Resources */ = {
			isa = PBXResourcesBuildPhase;
			buildActionMask = 2147483647;
			files = (
				F20AED0A1FC328B6000AAA65 /* LaunchScreen.storyboard in Resources */,
				F20AED071FC328B6000AAA65 /* Assets.xcassets in Resources */,
				F20AED051FC328B6000AAA65 /* Main.storyboard in Resources */,
				F20AED371FC34D14000AAA65 /* CardCell.xib in Resources */,
			);
			runOnlyForDeploymentPostprocessing = 0;
		};
/* End PBXResourcesBuildPhase section */

/* Begin PBXShellScriptBuildPhase section */
		87CD1C0AF971007DE8495CEA /* [CP] Copy Pods Resources */ = {
			isa = PBXShellScriptBuildPhase;
			buildActionMask = 2147483647;
			files = (
			);
			inputPaths = (
			);
			name = "[CP] Copy Pods Resources";
			outputPaths = (
			);
			runOnlyForDeploymentPostprocessing = 0;
			shellPath = /bin/sh;
			shellScript = "\"${SRCROOT}/Pods/Target Support Files/Pods-eJackson/Pods-eJackson-resources.sh\"\n";
			showEnvVarsInLog = 0;
		};
		C893EEAA4D883922F01D2FCC /* [CP] Embed Pods Frameworks */ = {
			isa = PBXShellScriptBuildPhase;
			buildActionMask = 2147483647;
			files = (
			);
			inputPaths = (
			);
			name = "[CP] Embed Pods Frameworks";
			outputPaths = (
			);
			runOnlyForDeploymentPostprocessing = 0;
			shellPath = /bin/sh;
			shellScript = "\"${SRCROOT}/Pods/Target Support Files/Pods-eJackson/Pods-eJackson-frameworks.sh\"\n";
			showEnvVarsInLog = 0;
		};
		DB45C92E502D4E6BE7ABF022 /* [CP] Check Pods Manifest.lock */ = {
			isa = PBXShellScriptBuildPhase;
			buildActionMask = 2147483647;
			files = (
			);
			inputPaths = (
				"${PODS_PODFILE_DIR_PATH}/Podfile.lock",
				"${PODS_ROOT}/Manifest.lock",
			);
			name = "[CP] Check Pods Manifest.lock";
			outputPaths = (
				"$(DERIVED_FILE_DIR)/Pods-eJackson-checkManifestLockResult.txt",
			);
			runOnlyForDeploymentPostprocessing = 0;
			shellPath = /bin/sh;
			shellScript = "diff \"${PODS_PODFILE_DIR_PATH}/Podfile.lock\" \"${PODS_ROOT}/Manifest.lock\" > /dev/null\nif [ $? != 0 ] ; then\n    # print error to STDERR\n    echo \"error: The sandbox is not in sync with the Podfile.lock. Run 'pod install' or update your CocoaPods installation.\" >&2\n    exit 1\nfi\n# This output is used by Xcode 'outputs' to avoid re-running this script phase.\necho \"SUCCESS\" > \"${SCRIPT_OUTPUT_FILE_0}\"\n";
			showEnvVarsInLog = 0;
		};
/* End PBXShellScriptBuildPhase section */

/* Begin PBXSourcesBuildPhase section */
		F20AECF61FC328B6000AAA65 /* Sources */ = {
			isa = PBXSourcesBuildPhase;
			buildActionMask = 2147483647;
			files = (
				F20AED251FC34914000AAA65 /* ArtistModel.m in Sources */,
				F20AED361FC34D14000AAA65 /* CardCell.m in Sources */,
				F20AED1C1FC32DBB000AAA65 /* ListJacksonVC.m in Sources */,
				F20AED201FC346E1000AAA65 /* WebServices.m in Sources */,
				F20AED191FC32AE9000AAA65 /* Start.m in Sources */,
				F20AED0D1FC328B6000AAA65 /* main.m in Sources */,
				F20AECFF1FC328B6000AAA65 /* AppDelegate.m in Sources */,
			);
			runOnlyForDeploymentPostprocessing = 0;
		};
/* End PBXSourcesBuildPhase section */

/* Begin PBXVariantGroup section */
		F20AED031FC328B6000AAA65 /* Main.storyboard */ = {
			isa = PBXVariantGroup;
			children = (
				F20AED041FC328B6000AAA65 /* Base */,
			);
			name = Main.storyboard;
			sourceTree = "<group>";
		};
		F20AED081FC328B6000AAA65 /* LaunchScreen.storyboard */ = {
			isa = PBXVariantGroup;
			children = (
				F20AED091FC328B6000AAA65 /* Base */,
			);
			name = LaunchScreen.storyboard;
			sourceTree = "<group>";
		};
/* End PBXVariantGroup section */

/* Begin XCBuildConfiguration section */
		F20AED0E1FC328B6000AAA65 /* Debug */ = {
			isa = XCBuildConfiguration;
			buildSettings = {
				ALWAYS_SEARCH_USER_PATHS = NO;
				CLANG_ANALYZER_NONNULL = YES;
				CLANG_ANALYZER_NUMBER_OBJECT_CONVERSION = YES_AGGRESSIVE;
				CLANG_CXX_LANGUAGE_STANDARD = "gnu++14";
				CLANG_CXX_LIBRARY = "libc++";
				CLANG_ENABLE_MODULES = YES;
				CLANG_ENABLE_OBJC_ARC = YES;
				CLANG_WARN_BLOCK_CAPTURE_AUTORELEASING = YES;
				CLANG_WARN_BOOL_CONVERSION = YES;
				CLANG_WARN_COMMA = YES;
				CLANG_WARN_CONSTANT_CONVERSION = YES;
				CLANG_WARN_DIRECT_OBJC_ISA_USAGE = YES_ERROR;
				CLANG_WARN_DOCUMENTATION_COMMENTS = YES;
				CLANG_WARN_EMPTY_BODY = YES;
				CLANG_WARN_ENUM_CONVERSION = YES;
				CLANG_WARN_INFINITE_RECURSION = YES;
				CLANG_WARN_INT_CONVERSION = YES;
				CLANG_WARN_NON_LITERAL_NULL_CONVERSION = YES;
				CLANG_WARN_OBJC_LITERAL_CONVERSION = YES;
				CLANG_WARN_OBJC_ROOT_CLASS = YES_ERROR;
				CLANG_WARN_RANGE_LOOP_ANALYSIS = YES;
				CLANG_WARN_STRICT_PROTOTYPES = YES;
				CLANG_WARN_SUSPICIOUS_MOVE = YES;
				CLANG_WARN_UNGUARDED_AVAILABILITY = YES_AGGRESSIVE;
				CLANG_WARN_UNREACHABLE_CODE = YES;
				CLANG_WARN__DUPLICATE_METHOD_MATCH = YES;
				CODE_SIGN_IDENTITY = "iPhone Developer";
				COPY_PHASE_STRIP = NO;
				DEBUG_INFORMATION_FORMAT = dwarf;
				ENABLE_STRICT_OBJC_MSGSEND = YES;
				ENABLE_TESTABILITY = YES;
				GCC_C_LANGUAGE_STANDARD = gnu11;
				GCC_DYNAMIC_NO_PIC = NO;
				GCC_NO_COMMON_BLOCKS = YES;
				GCC_OPTIMIZATION_LEVEL = 0;
				GCC_PREPROCESSOR_DEFINITIONS = (
					"DEBUG=1",
					"$(inherited)",
				);
				GCC_WARN_64_TO_32_BIT_CONVERSION = YES;
				GCC_WARN_ABOUT_RETURN_TYPE = YES_ERROR;
				GCC_WARN_UNDECLARED_SELECTOR = YES;
				GCC_WARN_UNINITIALIZED_AUTOS = YES_AGGRESSIVE;
				GCC_WARN_UNUSED_FUNCTION = YES;
				GCC_WARN_UNUSED_VARIABLE = YES;
				IPHONEOS_DEPLOYMENT_TARGET = 11.1;
				MTL_ENABLE_DEBUG_INFO = YES;
				ONLY_ACTIVE_ARCH = YES;
				SDKROOT = iphoneos;
			};
			name = Debug;
		};
		F20AED0F1FC328B6000AAA65 /* Release */ = {
			isa = XCBuildConfiguration;
			buildSettings = {
				ALWAYS_SEARCH_USER_PATHS = NO;
				CLANG_ANALYZER_NONNULL = YES;
				CLANG_ANALYZER_NUMBER_OBJECT_CONVERSION = YES_AGGRESSIVE;
				CLANG_CXX_LANGUAGE_STANDARD = "gnu++14";
				CLANG_CXX_LIBRARY = "libc++";
				CLANG_ENABLE_MODULES = YES;
				CLANG_ENABLE_OBJC_ARC = YES;
				CLANG_WARN_BLOCK_CAPTURE_AUTORELEASING = YES;
				CLANG_WARN_BOOL_CONVERSION = YES;
				CLANG_WARN_COMMA = YES;
				CLANG_WARN_CONSTANT_CONVERSION = YES;
				CLANG_WARN_DIRECT_OBJC_ISA_USAGE = YES_ERROR;
				CLANG_WARN_DOCUMENTATION_COMMENTS = YES;
				CLANG_WARN_EMPTY_BODY = YES;
				CLANG_WARN_ENUM_CONVERSION = YES;
				CLANG_WARN_INFINITE_RECURSION = YES;
				CLANG_WARN_INT_CONVERSION = YES;
				CLANG_WARN_NON_LITERAL_NULL_CONVERSION = YES;
				CLANG_WARN_OBJC_LITERAL_CONVERSION = YES;
				CLANG_WARN_OBJC_ROOT_CLASS = YES_ERROR;
				CLANG_WARN_RANGE_LOOP_ANALYSIS = YES;
				CLANG_WARN_STRICT_PROTOTYPES = YES;
				CLANG_WARN_SUSPICIOUS_MOVE = YES;
				CLANG_WARN_UNGUARDED_AVAILABILITY = YES_AGGRESSIVE;
				CLANG_WARN_UNREACHABLE_CODE = YES;
				CLANG_WARN__DUPLICATE_METHOD_MATCH = YES;
				CODE_SIGN_IDENTITY = "iPhone Developer";
				COPY_PHASE_STRIP = NO;
				DEBUG_INFORMATION_FORMAT = "dwarf-with-dsym";
				ENABLE_NS_ASSERTIONS = NO;
				ENABLE_STRICT_OBJC_MSGSEND = YES;
				GCC_C_LANGUAGE_STANDARD = gnu11;
				GCC_NO_COMMON_BLOCKS = YES;
				GCC_WARN_64_TO_32_BIT_CONVERSION = YES;
				GCC_WARN_ABOUT_RETURN_TYPE = YES_ERROR;
				GCC_WARN_UNDECLARED_SELECTOR = YES;
				GCC_WARN_UNINITIALIZED_AUTOS = YES_AGGRESSIVE;
				GCC_WARN_UNUSED_FUNCTION = YES;
				GCC_WARN_UNUSED_VARIABLE = YES;
				IPHONEOS_DEPLOYMENT_TARGET = 11.1;
				MTL_ENABLE_DEBUG_INFO = NO;
				SDKROOT = iphoneos;
				VALIDATE_PRODUCT = YES;
			};
			name = Release;
		};
		F20AED111FC328B6000AAA65 /* Debug */ = {
			isa = XCBuildConfiguration;
			baseConfigurationReference = ACDFD80BEAC971E73AAFFC6B /* Pods-eJackson.debug.xcconfig */;
			buildSettings = {
				ASSETCATALOG_COMPILER_APPICON_NAME = AppIcon;
				CODE_SIGN_STYLE = Automatic;
				DEVELOPMENT_TEAM = PA7L263H2S;
				INFOPLIST_FILE = eJackson/Info.plist;
				LD_RUNPATH_SEARCH_PATHS = "$(inherited) @executable_path/Frameworks";
				PRODUCT_BUNDLE_IDENTIFIER = com.galileoguzman.ejackson.eJackson;
				PRODUCT_NAME = "$(TARGET_NAME)";
				TARGETED_DEVICE_FAMILY = "1,2";
			};
			name = Debug;
		};
		F20AED121FC328B6000AAA65 /* Release */ = {
			isa = XCBuildConfiguration;
			baseConfigurationReference = FBFC93F1B765D9992B9FBADC /* Pods-eJackson.release.xcconfig */;
			buildSettings = {
				ASSETCATALOG_COMPILER_APPICON_NAME = AppIcon;
				CODE_SIGN_STYLE = Automatic;
				DEVELOPMENT_TEAM = PA7L263H2S;
				INFOPLIST_FILE = eJackson/Info.plist;
				LD_RUNPATH_SEARCH_PATHS = "$(inherited) @executable_path/Frameworks";
				PRODUCT_BUNDLE_IDENTIFIER = com.galileoguzman.ejackson.eJackson;
				PRODUCT_NAME = "$(TARGET_NAME)";
				TARGETED_DEVICE_FAMILY = "1,2";
			};
			name = Release;
		};
/* End XCBuildConfiguration section */

/* Begin XCConfigurationList section */
		F20AECF51FC328B6000AAA65 /* Build configuration list for PBXProject "eJackson" */ = {
			isa = XCConfigurationList;
			buildConfigurations = (
				F20AED0E1FC328B6000AAA65 /* Debug */,
				F20AED0F1FC328B6000AAA65 /* Release */,
			);
			defaultConfigurationIsVisible = 0;
			defaultConfigurationName = Release;
		};
		F20AED101FC328B6000AAA65 /* Build configuration list for PBXNativeTarget "eJackson" */ = {
			isa = XCConfigurationList;
			buildConfigurations = (
				F20AED111FC328B6000AAA65 /* Debug */,
				F20AED121FC328B6000AAA65 /* Release */,
			);
			defaultConfigurationIsVisible = 0;
			defaultConfigurationName = Release;
		};
/* End XCConfigurationList section */
	};
	rootObject = F20AECF21FC328B6000AAA65 /* Project object */;
}
